{
  "version": 4,
  "terraform_version": "1.5.5",
  "serial": 26,
  "lineage": "0bdebaa5-33dd-999b-0255-e382e4d5480e",
  "outputs": {},
  "resources": [
    {
      "module": "module.BigQ-DS",
      "mode": "managed",
      "type": "google_bigquery_dataset",
      "name": "BigQ-DS",
      "provider": "provider[\"registry.terraform.io/hashicorp/google\"]",
      "instances": [
        {
          "schema_version": 0,
          "attributes": {
            "access": [
              {
                "dataset": [],
                "domain": "",
                "group_by_email": "",
                "role": "OWNER",
                "routine": [],
                "special_group": "",
                "user_by_email": "sravankumaryama77@gmail.com",
                "view": []
              },
              {
                "dataset": [],
                "domain": "",
                "group_by_email": "",
                "role": "OWNER",
                "routine": [],
                "special_group": "projectOwners",
                "user_by_email": "",
                "view": []
              },
              {
                "dataset": [],
                "domain": "",
                "group_by_email": "",
                "role": "READER",
                "routine": [],
                "special_group": "projectReaders",
                "user_by_email": "",
                "view": []
              },
              {
                "dataset": [],
                "domain": "",
                "group_by_email": "",
                "role": "WRITER",
                "routine": [],
                "special_group": "projectWriters",
                "user_by_email": "",
                "view": []
              }
            ],
            "creation_time": 1692895217344,
            "dataset_id": "Dataset1",
            "default_collation": "",
            "default_encryption_configuration": [],
            "default_partition_expiration_ms": 0,
            "default_table_expiration_ms": 3600000,
            "delete_contents_on_destroy": false,
            "description": "This is test1 description",
            "etag": "UUHYruguFA2X7S6F5hm9SQ==",
            "friendly_name": "Test1",
            "id": "projects/lithe-cyclist-388705/datasets/Dataset1",
            "is_case_insensitive": false,
            "labels": {},
            "last_modified_time": 1692895217344,
            "location": "EU",
            "max_time_travel_hours": "",
            "project": "lithe-cyclist-388705",
            "self_link": "https://bigquery.googleapis.com/bigquery/v2/projects/lithe-cyclist-388705/datasets/Dataset1",
            "storage_billing_model": "",
            "timeouts": null
          },
          "sensitive_attributes": [],
          "private": "eyJlMmJmYjczMC1lY2FhLTExZTYtOGY4OC0zNDM2M2JjN2M0YzAiOnsiY3JlYXRlIjoxMjAwMDAwMDAwMDAwLCJkZWxldGUiOjEyMDAwMDAwMDAwMDAsInVwZGF0ZSI6MTIwMDAwMDAwMDAwMH19"
        }
      ]
    },
    {
      "module": "module.BigQ-DS",
      "mode": "managed",
      "type": "google_bigquery_table",
      "name": "BigQ-Table",
      "provider": "provider[\"registry.terraform.io/hashicorp/google\"]",
      "instances": [
        {
          "schema_version": 0,
          "attributes": {
            "clustering": null,
            "creation_time": 1692895219061,
            "dataset_id": "Dataset1",
            "deletion_protection": false,
            "description": "",
            "encryption_configuration": [],
            "etag": "4KnTFSwtMFn/FmJqjrFa4Q==",
            "expiration_time": 1692898819061,
            "external_data_configuration": [],
            "friendly_name": "",
            "id": "projects/lithe-cyclist-388705/datasets/Dataset1/tables/Table1",
            "labels": null,
            "last_modified_time": 1692895219266,
            "location": "EU",
            "materialized_view": [],
            "max_staleness": "",
            "num_bytes": 0,
            "num_long_term_bytes": 0,
            "num_rows": 0,
            "project": "lithe-cyclist-388705",
            "range_partitioning": [],
            "schema": "[{\"description\":\"The Permalink\",\"mode\":\"NULLABLE\",\"name\":\"permalink\",\"type\":\"STRING\"},{\"description\":\"State where the head office is located\",\"mode\":\"NULLABLE\",\"name\":\"state\",\"type\":\"STRING\"}]",
            "self_link": "https://bigquery.googleapis.com/bigquery/v2/projects/lithe-cyclist-388705/datasets/Dataset1/tables/Table1",
            "table_id": "Table1",
            "time_partitioning": [
              {
                "expiration_ms": 0,
                "field": "",
                "require_partition_filter": false,
                "type": "DAY"
              }
            ],
            "type": "TABLE",
            "view": []
          },
          "sensitive_attributes": [],
          "private": "bnVsbA==",
          "dependencies": [
            "module.BigQ-DS.google_bigquery_dataset.BigQ-DS"
          ]
        }
      ]
    },
    {
      "module": "module.storage_bucket",
      "mode": "managed",
      "type": "google_storage_bucket",
      "name": "storage_bucket",
      "provider": "provider[\"registry.terraform.io/hashicorp/google\"]",
      "instances": [
        {
          "schema_version": 0,
          "attributes": {
            "autoclass": [],
            "cors": [],
            "custom_placement_config": [],
            "default_event_based_hold": false,
            "encryption": [],
            "force_destroy": true,
            "id": "storage-buckettss",
            "labels": {},
            "lifecycle_rule": [
              {
                "action": [
                  {
                    "storage_class": "",
                    "type": "Delete"
                  }
                ],
                "condition": [
                  {
                    "age": 3,
                    "created_before": "",
                    "custom_time_before": "",
                    "days_since_custom_time": 0,
                    "days_since_noncurrent_time": 0,
                    "matches_prefix": [],
                    "matches_storage_class": [],
                    "matches_suffix": [],
                    "noncurrent_time_before": "",
                    "num_newer_versions": 0,
                    "with_state": "ANY"
                  }
                ]
              },
              {
                "action": [
                  {
                    "storage_class": "",
                    "type": "AbortIncompleteMultipartUpload"
                  }
                ],
                "condition": [
                  {
                    "age": 1,
                    "created_before": "",
                    "custom_time_before": "",
                    "days_since_custom_time": 0,
                    "days_since_noncurrent_time": 0,
                    "matches_prefix": [],
                    "matches_storage_class": [],
                    "matches_suffix": [],
                    "noncurrent_time_before": "",
                    "num_newer_versions": 0,
                    "with_state": "ANY"
                  }
                ]
              }
            ],
            "location": "US-EAST4",
            "logging": [],
            "name": "storage-buckettss",
            "project": "lithe-cyclist-388705",
            "public_access_prevention": "inherited",
            "requester_pays": false,
            "retention_policy": [
              {
                "is_locked": true,
                "retention_period": 300
              }
            ],
            "self_link": "https://www.googleapis.com/storage/v1/b/storage-buckettss",
            "storage_class": "STANDARD",
            "timeouts": null,
            "uniform_bucket_level_access": false,
            "url": "gs://storage-buckettss",
            "versioning": [],
            "website": []
          },
          "sensitive_attributes": [],
          "private": "eyJlMmJmYjczMC1lY2FhLTExZTYtOGY4OC0zNDM2M2JjN2M0YzAiOnsiY3JlYXRlIjo2MDAwMDAwMDAwMDAsInJlYWQiOjI0MDAwMDAwMDAwMCwidXBkYXRlIjoyNDAwMDAwMDAwMDB9fQ=="
        }
      ]
    },
    {
      "module": "module.storage_bucket",
      "mode": "managed",
      "type": "google_storage_bucket_access_control",
      "name": "public_rule",
      "provider": "provider[\"registry.terraform.io/hashicorp/google\"]",
      "instances": [
        {
          "schema_version": 0,
          "attributes": {
            "bucket": "storage-buckettss",
            "domain": "",
            "email": "",
            "entity": "allUsers",
            "id": "storage-buckettss/allUsers",
            "role": "READER",
            "timeouts": null
          },
          "sensitive_attributes": [],
          "private": "eyJlMmJmYjczMC1lY2FhLTExZTYtOGY4OC0zNDM2M2JjN2M0YzAiOnsiY3JlYXRlIjoxMjAwMDAwMDAwMDAwLCJkZWxldGUiOjEyMDAwMDAwMDAwMDAsInVwZGF0ZSI6MTIwMDAwMDAwMDAwMH19",
          "dependencies": [
            "module.storage_bucket.google_storage_bucket.storage_bucket"
          ]
        }
      ]
    },
    {
      "module": "module.storage_bucket",
      "mode": "managed",
      "type": "google_storage_bucket_object",
      "name": "Folder",
      "provider": "provider[\"registry.terraform.io/hashicorp/google\"]",
      "instances": [
        {
          "schema_version": 0,
          "attributes": {
            "bucket": "storage-buckettss",
            "cache_control": "",
            "content": "Not really a directory, but it's empty",
            "content_disposition": "",
            "content_encoding": "",
            "content_language": "",
            "content_type": "text/plain; charset=utf-8",
            "crc32c": "ghE81A==",
            "customer_encryption": [],
            "detect_md5hash": "mNLE0qz9BQa/l/FsVEYrUw==",
            "event_based_hold": false,
            "id": "storage-buckettss-Directory1",
            "kms_key_name": "",
            "md5hash": "mNLE0qz9BQa/l/FsVEYrUw==",
            "media_link": "https://storage.googleapis.com/download/storage/v1/b/storage-buckettss/o/Directory1?generation=1692895221911531\u0026alt=media",
            "metadata": null,
            "name": "Directory1",
            "output_name": "Directory1",
            "self_link": "https://www.googleapis.com/storage/v1/b/storage-buckettss/o/Directory1",
            "source": null,
            "storage_class": "STANDARD",
            "temporary_hold": false,
            "timeouts": null
          },
          "sensitive_attributes": [],
          "private": "eyJlMmJmYjczMC1lY2FhLTExZTYtOGY4OC0zNDM2M2JjN2M0YzAiOnsiY3JlYXRlIjoyNDAwMDAwMDAwMDAsImRlbGV0ZSI6MjQwMDAwMDAwMDAwLCJ1cGRhdGUiOjI0MDAwMDAwMDAwMH19",
          "dependencies": [
            "module.storage_bucket.google_storage_bucket.storage_bucket"
          ]
        }
      ]
    }
  ],
  "check_results": null
}
